github.com/google/go-cmp v0.5.9 h1:O2Tfq5qg4qc4AmwVlvv0oLiVAGB7enBSJ2x2DqQFi38=
github.com/mr-joshcrane/oracle v0.0.0-20230915122740-371f845464d4 h1:T1ehWnJ3P+gMV7yXrApW0vECOPX2VNHpSRhJkHLM+n8=
github.com/mr-joshcrane/oracle v0.0.0-20230915122740-371f845464d4/go.mod h1:Ka+R667MUaVDDp8FgJd1kp8yIPeoeARmaivAFz0rUQI=
